
Microsoft Visual Studio Solution File, Format Version 12.00
Project("{FAE04EC0-301F-11D3-BF4B-00C04F79EFBC}") = "A", "A\A.csproj", "{7D83F000-3699-4C95-9BA6-EC1B8BE12FC2}"
EndProject
Project("{FAE04EC0-301F-11D3-BF4B-00C04F79EFBC}") = "B", "B\B.csproj", "{93E21DC4-816C-4B5A-9CE5-8EBA6F515B18}"
EndProject
Project("{FAE04EC0-301F-11D3-BF4B-00C04F79EFBC}") = "C", "C\C.csproj", "{E1C166C2-1D5F-4994-9135-1F8054B52EEE}"
EndProject
Project("{FAE04EC0-301F-11D3-BF4B-00C04F79EFBC}") = "D", "D\D.csproj", "{9D7F1847-9CB0-44E9-BE27-27DF97C77B93}"
EndProject
Global
	GlobalSection(SolutionConfigurationPlatforms) = preSolution
		Debug|Any CPU = Debug|Any CPU
		Release|Any CPU = Release|Any CPU
	EndGlobalSection
	GlobalSection(ProjectConfigurationPlatforms) = postSolution
		{7D83F000-3699-4C95-9BA6-EC1B8BE12FC2}.Debug|Any CPU.ActiveCfg = Debug|Any CPU
		{7D83F000-3699-4C95-9BA6-EC1B8BE12FC2}.Debug|Any CPU.Build.0 = Debug|Any CPU
		{7D83F000-3699-4C95-9BA6-EC1B8BE12FC2}.Release|Any CPU.ActiveCfg = Release|Any CPU
		{7D83F000-3699-4C95-9BA6-EC1B8BE12FC2}.Release|Any CPU.Build.0 = Release|Any CPU
		{93E21DC4-816C-4B5A-9CE5-8EBA6F515B18}.Debug|Any CPU.ActiveCfg = Debug|Any CPU
		{93E21DC4-816C-4B5A-9CE5-8EBA6F515B18}.Debug|Any CPU.Build.0 = Debug|Any CPU
		{93E21DC4-816C-4B5A-9CE5-8EBA6F515B18}.Release|Any CPU.ActiveCfg = Release|Any CPU
		{93E21DC4-816C-4B5A-9CE5-8EBA6F515B18}.Release|Any CPU.Build.0 = Release|Any CPU
		{E1C166C2-1D5F-4994-9135-1F8054B52EEE}.Debug|Any CPU.ActiveCfg = Debug|Any CPU
		{E1C166C2-1D5F-4994-9135-1F8054B52EEE}.Debug|Any CPU.Build.0 = Debug|Any CPU
		{E1C166C2-1D5F-4994-9135-1F8054B52EEE}.Release|Any CPU.ActiveCfg = Release|Any CPU
		{E1C166C2-1D5F-4994-9135-1F8054B52EEE}.Release|Any CPU.Build.0 = Release|Any CPU
		{9D7F1847-9CB0-44E9-BE27-27DF97C77B93}.Debug|Any CPU.ActiveCfg = Debug|Any CPU
		{9D7F1847-9CB0-44E9-BE27-27DF97C77B93}.Debug|Any CPU.Build.0 = Debug|Any CPU
		{9D7F1847-9CB0-44E9-BE27-27DF97C77B93}.Release|Any CPU.ActiveCfg = Release|Any CPU
		{9D7F1847-9CB0-44E9-BE27-27DF97C77B93}.Release|Any CPU.Build.0 = Release|Any CPU
	EndGlobalSection
EndGlobal
