
Microsoft Visual Studio Solution File, Format Version 12.00
Project("{FAE04EC0-301F-11D3-BF4B-00C04F79EFBC}") = "PracticeContest", "PracticeContest\PracticeContest.csproj", "{560D505C-0138-4962-A266-75532310A69A}"
EndProject
Project("{FAE04EC0-301F-11D3-BF4B-00C04F79EFBC}") = "PracticeContestB", "PracticeContestB\PracticeContestB.csproj", "{1B81C1BB-3EFF-41DF-A16A-A8BACDC0D413}"
EndProject
Project("{FAE04EC0-301F-11D3-BF4B-00C04F79EFBC}") = "ABC086A", "ABC086A\ABC086A.csproj", "{55D01337-20F0-4A53-8AA8-3D1A24677A85}"
EndProject
Project("{FAE04EC0-301F-11D3-BF4B-00C04F79EFBC}") = "ABC081A", "ABC081A\ABC081A.csproj", "{31F33BEB-E46F-4C69-942A-E87C6E39A8ED}"
EndProject
Project("{FAE04EC0-301F-11D3-BF4B-00C04F79EFBC}") = "ABC081B", "ABC081B\ABC081B.csproj", "{4DD61420-A334-4B70-B267-11A157E282EC}"
EndProject
Project("{FAE04EC0-301F-11D3-BF4B-00C04F79EFBC}") = "ABC087B", "ABC087B\ABC087B.csproj", "{E0653DDE-0F09-4798-92CB-4AC2411979BF}"
EndProject
Project("{FAE04EC0-301F-11D3-BF4B-00C04F79EFBC}") = "ABC083B", "ABC083B\ABC083B.csproj", "{486B026C-7BDC-4AB5-82A1-334EDDE607C5}"
EndProject
Project("{FAE04EC0-301F-11D3-BF4B-00C04F79EFBC}") = "ABC088B", "ABC088B\ABC088B.csproj", "{162C6E2F-7F0A-4CC6-B74D-EFE2CE4B9D80}"
EndProject
Project("{FAE04EC0-301F-11D3-BF4B-00C04F79EFBC}") = "ABC085B", "ABC085B\ABC085B.csproj", "{8C31C25A-DA05-4711-B054-56ECAA0AFF5B}"
EndProject
Project("{FAE04EC0-301F-11D3-BF4B-00C04F79EFBC}") = "ABC085C", "ABC085C\ABC085C.csproj", "{DFEE1F2D-50CA-4161-BB0B-F1B82A52B2BD}"
EndProject
Project("{FAE04EC0-301F-11D3-BF4B-00C04F79EFBC}") = "ABC049C", "ABC049C\ABC049C.csproj", "{A96DD819-9A21-4DAD-A4A3-8323FDACB8B8}"
EndProject
Project("{FAE04EC0-301F-11D3-BF4B-00C04F79EFBC}") = "ABC086C", "ABC086C\ABC086C.csproj", "{B726D288-313E-4CED-BEF2-036CA5CA765B}"
EndProject
Global
	GlobalSection(SolutionConfigurationPlatforms) = preSolution
		Debug|Any CPU = Debug|Any CPU
		Release|Any CPU = Release|Any CPU
	EndGlobalSection
	GlobalSection(ProjectConfigurationPlatforms) = postSolution
		{560D505C-0138-4962-A266-75532310A69A}.Debug|Any CPU.ActiveCfg = Debug|Any CPU
		{560D505C-0138-4962-A266-75532310A69A}.Debug|Any CPU.Build.0 = Debug|Any CPU
		{560D505C-0138-4962-A266-75532310A69A}.Release|Any CPU.ActiveCfg = Release|Any CPU
		{560D505C-0138-4962-A266-75532310A69A}.Release|Any CPU.Build.0 = Release|Any CPU
		{1B81C1BB-3EFF-41DF-A16A-A8BACDC0D413}.Debug|Any CPU.ActiveCfg = Debug|Any CPU
		{1B81C1BB-3EFF-41DF-A16A-A8BACDC0D413}.Debug|Any CPU.Build.0 = Debug|Any CPU
		{1B81C1BB-3EFF-41DF-A16A-A8BACDC0D413}.Release|Any CPU.ActiveCfg = Release|Any CPU
		{1B81C1BB-3EFF-41DF-A16A-A8BACDC0D413}.Release|Any CPU.Build.0 = Release|Any CPU
		{55D01337-20F0-4A53-8AA8-3D1A24677A85}.Debug|Any CPU.ActiveCfg = Debug|Any CPU
		{55D01337-20F0-4A53-8AA8-3D1A24677A85}.Debug|Any CPU.Build.0 = Debug|Any CPU
		{55D01337-20F0-4A53-8AA8-3D1A24677A85}.Release|Any CPU.ActiveCfg = Release|Any CPU
		{55D01337-20F0-4A53-8AA8-3D1A24677A85}.Release|Any CPU.Build.0 = Release|Any CPU
		{31F33BEB-E46F-4C69-942A-E87C6E39A8ED}.Debug|Any CPU.ActiveCfg = Debug|Any CPU
		{31F33BEB-E46F-4C69-942A-E87C6E39A8ED}.Debug|Any CPU.Build.0 = Debug|Any CPU
		{31F33BEB-E46F-4C69-942A-E87C6E39A8ED}.Release|Any CPU.ActiveCfg = Release|Any CPU
		{31F33BEB-E46F-4C69-942A-E87C6E39A8ED}.Release|Any CPU.Build.0 = Release|Any CPU
		{4DD61420-A334-4B70-B267-11A157E282EC}.Debug|Any CPU.ActiveCfg = Debug|Any CPU
		{4DD61420-A334-4B70-B267-11A157E282EC}.Debug|Any CPU.Build.0 = Debug|Any CPU
		{4DD61420-A334-4B70-B267-11A157E282EC}.Release|Any CPU.ActiveCfg = Release|Any CPU
		{4DD61420-A334-4B70-B267-11A157E282EC}.Release|Any CPU.Build.0 = Release|Any CPU
		{E0653DDE-0F09-4798-92CB-4AC2411979BF}.Debug|Any CPU.ActiveCfg = Debug|Any CPU
		{E0653DDE-0F09-4798-92CB-4AC2411979BF}.Debug|Any CPU.Build.0 = Debug|Any CPU
		{E0653DDE-0F09-4798-92CB-4AC2411979BF}.Release|Any CPU.ActiveCfg = Release|Any CPU
		{E0653DDE-0F09-4798-92CB-4AC2411979BF}.Release|Any CPU.Build.0 = Release|Any CPU
		{486B026C-7BDC-4AB5-82A1-334EDDE607C5}.Debug|Any CPU.ActiveCfg = Debug|Any CPU
		{486B026C-7BDC-4AB5-82A1-334EDDE607C5}.Debug|Any CPU.Build.0 = Debug|Any CPU
		{486B026C-7BDC-4AB5-82A1-334EDDE607C5}.Release|Any CPU.ActiveCfg = Release|Any CPU
		{486B026C-7BDC-4AB5-82A1-334EDDE607C5}.Release|Any CPU.Build.0 = Release|Any CPU
		{162C6E2F-7F0A-4CC6-B74D-EFE2CE4B9D80}.Debug|Any CPU.ActiveCfg = Debug|Any CPU
		{162C6E2F-7F0A-4CC6-B74D-EFE2CE4B9D80}.Debug|Any CPU.Build.0 = Debug|Any CPU
		{162C6E2F-7F0A-4CC6-B74D-EFE2CE4B9D80}.Release|Any CPU.ActiveCfg = Release|Any CPU
		{162C6E2F-7F0A-4CC6-B74D-EFE2CE4B9D80}.Release|Any CPU.Build.0 = Release|Any CPU
		{8C31C25A-DA05-4711-B054-56ECAA0AFF5B}.Debug|Any CPU.ActiveCfg = Debug|Any CPU
		{8C31C25A-DA05-4711-B054-56ECAA0AFF5B}.Debug|Any CPU.Build.0 = Debug|Any CPU
		{8C31C25A-DA05-4711-B054-56ECAA0AFF5B}.Release|Any CPU.ActiveCfg = Release|Any CPU
		{8C31C25A-DA05-4711-B054-56ECAA0AFF5B}.Release|Any CPU.Build.0 = Release|Any CPU
		{DFEE1F2D-50CA-4161-BB0B-F1B82A52B2BD}.Debug|Any CPU.ActiveCfg = Debug|Any CPU
		{DFEE1F2D-50CA-4161-BB0B-F1B82A52B2BD}.Debug|Any CPU.Build.0 = Debug|Any CPU
		{DFEE1F2D-50CA-4161-BB0B-F1B82A52B2BD}.Release|Any CPU.ActiveCfg = Release|Any CPU
		{DFEE1F2D-50CA-4161-BB0B-F1B82A52B2BD}.Release|Any CPU.Build.0 = Release|Any CPU
		{A96DD819-9A21-4DAD-A4A3-8323FDACB8B8}.Debug|Any CPU.ActiveCfg = Debug|Any CPU
		{A96DD819-9A21-4DAD-A4A3-8323FDACB8B8}.Debug|Any CPU.Build.0 = Debug|Any CPU
		{A96DD819-9A21-4DAD-A4A3-8323FDACB8B8}.Release|Any CPU.ActiveCfg = Release|Any CPU
		{A96DD819-9A21-4DAD-A4A3-8323FDACB8B8}.Release|Any CPU.Build.0 = Release|Any CPU
		{B726D288-313E-4CED-BEF2-036CA5CA765B}.Debug|Any CPU.ActiveCfg = Debug|Any CPU
		{B726D288-313E-4CED-BEF2-036CA5CA765B}.Debug|Any CPU.Build.0 = Debug|Any CPU
		{B726D288-313E-4CED-BEF2-036CA5CA765B}.Release|Any CPU.ActiveCfg = Release|Any CPU
		{B726D288-313E-4CED-BEF2-036CA5CA765B}.Release|Any CPU.Build.0 = Release|Any CPU
	EndGlobalSection
EndGlobal
